
Microsoft Visual Studio Solution File, Format Version 12.00
# Visual Studio Version 17
VisualStudioVersion = 17.4.33103.184
MinimumVisualStudioVersion = 10.0.40219.1
Project("{FAE04EC0-301F-11D3-BF4B-00C04F79EFBC}") = "MaterialDesigninXaml", "MaterialDesigninXaml\MaterialDesigninXaml.csproj", "{ED7B9AF6-2822-49F3-9D55-08823CFB530E}"
EndProject
Global
	GlobalSection(SolutionConfigurationPlatforms) = preSolution
		Debug|Any CPU = Debug|Any CPU
		Release|Any CPU = Release|Any CPU
	EndGlobalSection
	GlobalSection(ProjectConfigurationPlatforms) = postSolution
		{ED7B9AF6-2822-49F3-9D55-08823CFB530E}.Debug|Any CPU.ActiveCfg = Debug|Any CPU
		{ED7B9AF6-2822-49F3-9D55-08823CFB530E}.Debug|Any CPU.Build.0 = Debug|Any CPU
		{ED7B9AF6-2822-49F3-9D55-08823CFB530E}.Release|Any CPU.ActiveCfg = Release|Any CPU
		{ED7B9AF6-2822-49F3-9D55-08823CFB530E}.Release|Any CPU.Build.0 = Release|Any CPU
	EndGlobalSection
	GlobalSection(SolutionProperties) = preSolution
		HideSolutionNode = FALSE
	EndGlobalSection
	GlobalSection(ExtensibilityGlobals) = postSolution
		SolutionGuid = {79205DAF-63B8-4750-8BDD-B3DFF03AC01D}
	EndGlobalSection
EndGlobal
