
Microsoft Visual Studio Solution File, Format Version 12.00
# Visual Studio Version 17
VisualStudioVersion = 17.4.33103.184
MinimumVisualStudioVersion = 10.0.40219.1
Project("{FAE04EC0-301F-11D3-BF4B-00C04F79EFBC}") = "HelloWorld", "HelloWorld\HelloWorld.csproj", "{011946AC-8F67-42D6-A29A-9773B9FC826C}"
EndProject
Global
	GlobalSection(SolutionConfigurationPlatforms) = preSolution
		Debug|Any CPU = Debug|Any CPU
		Release|Any CPU = Release|Any CPU
	EndGlobalSection
	GlobalSection(ProjectConfigurationPlatforms) = postSolution
		{011946AC-8F67-42D6-A29A-9773B9FC826C}.Debug|Any CPU.ActiveCfg = Debug|Any CPU
		{011946AC-8F67-42D6-A29A-9773B9FC826C}.Debug|Any CPU.Build.0 = Debug|Any CPU
		{011946AC-8F67-42D6-A29A-9773B9FC826C}.Release|Any CPU.ActiveCfg = Release|Any CPU
		{011946AC-8F67-42D6-A29A-9773B9FC826C}.Release|Any CPU.Build.0 = Release|Any CPU
	EndGlobalSection
	GlobalSection(SolutionProperties) = preSolution
		HideSolutionNode = FALSE
	EndGlobalSection
	GlobalSection(ExtensibilityGlobals) = postSolution
		SolutionGuid = {84F2286A-2C30-442B-99D8-8C85BABDF10B}
	EndGlobalSection
EndGlobal
